
Microsoft Visual Studio Solution File, Format Version 12.00
# Visual Studio Version 17
VisualStudioVersion = 17.4.33122.133
MinimumVisualStudioVersion = 10.0.40219.1
Project("{FAE04EC0-301F-11D3-BF4B-00C04F79EFBC}") = "Pyramid", "Pyramid\Pyramid.csproj", "{5101B8FA-1112-4EB0-9367-883F30776323}"
EndProject
Global
	GlobalSection(SolutionConfigurationPlatforms) = preSolution
		Debug|Any CPU = Debug|Any CPU
		Release|Any CPU = Release|Any CPU
	EndGlobalSection
	GlobalSection(ProjectConfigurationPlatforms) = postSolution
		{5101B8FA-1112-4EB0-9367-883F30776323}.Debug|Any CPU.ActiveCfg = Debug|Any CPU
		{5101B8FA-1112-4EB0-9367-883F30776323}.Debug|Any CPU.Build.0 = Debug|Any CPU
		{5101B8FA-1112-4EB0-9367-883F30776323}.Release|Any CPU.ActiveCfg = Release|Any CPU
		{5101B8FA-1112-4EB0-9367-883F30776323}.Release|Any CPU.Build.0 = Release|Any CPU
	EndGlobalSection
	GlobalSection(SolutionProperties) = preSolution
		HideSolutionNode = FALSE
	EndGlobalSection
	GlobalSection(ExtensibilityGlobals) = postSolution
		SolutionGuid = {2ED820AC-829B-4637-A38B-B56B6BE4A858}
	EndGlobalSection
EndGlobal
